
Microsoft Visual Studio Solution File, Format Version 12.00
# Visual Studio Version 17
VisualStudioVersion = 17.10.35122.118
MinimumVisualStudioVersion = 10.0.40219.1
Project("{FAE04EC0-301F-11D3-BF4B-00C04F79EFBC}") = "Component_01", "Component_01\Component_01.csproj", "{784C17F9-BB88-4422-AF56-9679EA6FBEFA}"
EndProject
Global
	GlobalSection(SolutionConfigurationPlatforms) = preSolution
		Debug|Any CPU = Debug|Any CPU
		Release|Any CPU = Release|Any CPU
	EndGlobalSection
	GlobalSection(ProjectConfigurationPlatforms) = postSolution
		{784C17F9-BB88-4422-AF56-9679EA6FBEFA}.Debug|Any CPU.ActiveCfg = Debug|Any CPU
		{784C17F9-BB88-4422-AF56-9679EA6FBEFA}.Debug|Any CPU.Build.0 = Debug|Any CPU
		{784C17F9-BB88-4422-AF56-9679EA6FBEFA}.Release|Any CPU.ActiveCfg = Release|Any CPU
		{784C17F9-BB88-4422-AF56-9679EA6FBEFA}.Release|Any CPU.Build.0 = Release|Any CPU
	EndGlobalSection
	GlobalSection(SolutionProperties) = preSolution
		HideSolutionNode = FALSE
	EndGlobalSection
	GlobalSection(ExtensibilityGlobals) = postSolution
		SolutionGuid = {A0DABB31-5A34-4029-A600-22C303C83A72}
	EndGlobalSection
EndGlobal
